version = 1
revision = 3
requires-python = ">=3.12"

[[package]]
name = "docxlib"
version = "0.1.0"
source = { virtual = "." }
dependencies = [
    { name = "spire-doc-free" },
]

[package.metadata]
requires-dist = [{ name = "spire-doc-free", specifier = ">=12.12.0" }]

[[package]]
name = "plum-dispatch"
version = "1.7.4"
source = { registry = "https://mirrors.aliyun.com/pypi/simple/" }
sdist = { url = "https://mirrors.aliyun.com/pypi/packages/39/4e/f4d6b2bd80a9880989d37773f0f2e3a91a2d5352732e4ebb68b5606bca83/plum-dispatch-1.7.4.tar.gz", hash = "sha256:1c1d15b2842b5fa98405fd3dff6fad4887bdc77b60bd200e209d76ebfe9990fe" }
wheels = [
    { url = "https://mirrors.aliyun.com/pypi/packages/e6/b6/3aaa985591c63da64c7bd8c5f470442a4c00b37ad3ed057f21de14174f83/plum_dispatch-1.7.4-py3-none-any.whl", hash = "sha256:c40dbeab269bbbf972ce0dbc078380da19ebaee1a370a2c564e1814a11bde216" },
]

[[package]]
name = "spire-doc-free"
version = "12.12.0"
source = { registry = "https://mirrors.aliyun.com/pypi/simple/" }
dependencies = [
    { name = "plum-dispatch" },
]
wheels = [
    { url = "https://mirrors.aliyun.com/pypi/packages/89/aa/64e8d6a9a6c75fd62917294d5028fff8e88aa0188495eb030a74832eb8c9/Spire.Doc.Free-12.12.0-py3-none-macosx_10_7_universal.whl", hash = "sha256:eb756d125b28b8b56d1df71d29cef5cfc41e10e630d5b7bacb2b854e7d8e5836" },
    { url = "https://mirrors.aliyun.com/pypi/packages/ac/04/3d2897fffacc597ad2656da771c2ed8b5386a8c874ab4def383b4ec7fb5e/Spire.Doc.Free-12.12.0-py3-none-manylinux1_x86_64.whl", hash = "sha256:ccc350955a08906717a4fd5fac220a27269180a79f8aec07f604fbe16039517c" },
    { url = "https://mirrors.aliyun.com/pypi/packages/a3/f0/163b723883358d1dab930bf042fa4f681dd8ae9fdfe76f2ed1afb675fdcb/Spire.Doc.Free-12.12.0-py3-none-win_amd64.whl", hash = "sha256:f26e99ded7e0c321edd8afaea319cf62548edfeb5cde84a5ca3f8bc2b4daeaea" },
]
